
Microsoft Visual Studio Solution File, Format Version 12.00
# Visual Studio Version 16
VisualStudioVersion = 16.0.31112.23
MinimumVisualStudioVersion = 10.0.40219.1
Project("{FAE04EC0-301F-11D3-BF4B-00C04F79EFBC}") = "Net5WebApi+Autofac", "Net5WebApi+Autofac\Net5WebApi+Autofac.csproj", "{5E3417E4-2F5B-47C1-A1D9-8ACEE024D0B3}"
EndProject
Global
	GlobalSection(SolutionConfigurationPlatforms) = preSolution
		Debug|Any CPU = Debug|Any CPU
		Release|Any CPU = Release|Any CPU
	EndGlobalSection
	GlobalSection(ProjectConfigurationPlatforms) = postSolution
		{5E3417E4-2F5B-47C1-A1D9-8ACEE024D0B3}.Debug|Any CPU.ActiveCfg = Debug|Any CPU
		{5E3417E4-2F5B-47C1-A1D9-8ACEE024D0B3}.Debug|Any CPU.Build.0 = Debug|Any CPU
		{5E3417E4-2F5B-47C1-A1D9-8ACEE024D0B3}.Release|Any CPU.ActiveCfg = Release|Any CPU
		{5E3417E4-2F5B-47C1-A1D9-8ACEE024D0B3}.Release|Any CPU.Build.0 = Release|Any CPU
	EndGlobalSection
	GlobalSection(SolutionProperties) = preSolution
		HideSolutionNode = FALSE
	EndGlobalSection
	GlobalSection(ExtensibilityGlobals) = postSolution
		SolutionGuid = {0182F004-22E3-4838-847D-DAB5CDCEC458}
	EndGlobalSection
EndGlobal
